
Microsoft Visual Studio Solution File, Format Version 12.00
# Visual Studio Version 17
VisualStudioVersion = 17.9.34616.47
MinimumVisualStudioVersion = 10.0.40219.1
Project("{9A19103F-16F7-4668-BE54-9A1E7A4F7556}") = "AttributeSourceGenerator", "src\AttributeSourceGenerator\AttributeSourceGenerator.csproj", "{ED92CE9D-902E-445D-8E52-4679C575863E}"
EndProject
Global
	GlobalSection(SolutionConfigurationPlatforms) = preSolution
		Debug|Any CPU = Debug|Any CPU
		Release|Any CPU = Release|Any CPU
	EndGlobalSection
	GlobalSection(ProjectConfigurationPlatforms) = postSolution
		{ED92CE9D-902E-445D-8E52-4679C575863E}.Debug|Any CPU.ActiveCfg = Debug|Any CPU
		{ED92CE9D-902E-445D-8E52-4679C575863E}.Debug|Any CPU.Build.0 = Debug|Any CPU
		{ED92CE9D-902E-445D-8E52-4679C575863E}.Release|Any CPU.ActiveCfg = Release|Any CPU
		{ED92CE9D-902E-445D-8E52-4679C575863E}.Release|Any CPU.Build.0 = Release|Any CPU
	EndGlobalSection
	GlobalSection(SolutionProperties) = preSolution
		HideSolutionNode = FALSE
	EndGlobalSection
	GlobalSection(ExtensibilityGlobals) = postSolution
		SolutionGuid = {0F4E21C8-19DB-41A2-A79A-FA5DCF0B08B6}
	EndGlobalSection
	GlobalSection(SharedMSBuildProjectFiles) = preSolution
		src\AttributeSourceGenerator\AttributeSourceGeneratorShared.projitems*{dfd4aa47-b465-4c4b-930c-ec98d65bedc3}*SharedItemsImports = 13
	EndGlobalSection
EndGlobal
